
Microsoft Visual Studio Solution File, Format Version 12.00
# Visual Studio Version 17
VisualStudioVersion = 17.1.32328.378
MinimumVisualStudioVersion = 10.0.40219.1
Project("{FAE04EC0-301F-11D3-BF4B-00C04F79EFBC}") = "WEBAPP", "WEBAPP\WEBAPP.csproj", "{88C789D6-5703-4A56-9F75-2E0B5ECAFF44}"
EndProject
Global
	GlobalSection(SolutionConfigurationPlatforms) = preSolution
		Debug|Any CPU = Debug|Any CPU
		Release|Any CPU = Release|Any CPU
	EndGlobalSection
	GlobalSection(ProjectConfigurationPlatforms) = postSolution
		{88C789D6-5703-4A56-9F75-2E0B5ECAFF44}.Debug|Any CPU.ActiveCfg = Debug|Any CPU
		{88C789D6-5703-4A56-9F75-2E0B5ECAFF44}.Debug|Any CPU.Build.0 = Debug|Any CPU
		{88C789D6-5703-4A56-9F75-2E0B5ECAFF44}.Release|Any CPU.ActiveCfg = Release|Any CPU
		{88C789D6-5703-4A56-9F75-2E0B5ECAFF44}.Release|Any CPU.Build.0 = Release|Any CPU
	EndGlobalSection
	GlobalSection(SolutionProperties) = preSolution
		HideSolutionNode = FALSE
	EndGlobalSection
	GlobalSection(ExtensibilityGlobals) = postSolution
		SolutionGuid = {50C6D5B9-D496-4521-97C2-AC22034CCE42}
	EndGlobalSection
EndGlobal
